{
  "requires": true,
  "lockfileVersion": 1,
  "dependencies": {
    "@sentry/browser": {
      "version": "6.8.0",
      "resolved": "https://registry.npmjs.org/@sentry/browser/-/browser-6.8.0.tgz",
      "integrity": "sha512-nxa71csHlG5sMHUxI4e4xxuCWtbCv/QbBfMsYw7ncJSfCKG3yNlCVh8NJ7NS0rZW/MJUT6S6+r93zw0HetNDOA==",
      "requires": {
        "@sentry/core": "6.8.0",
        "@sentry/types": "6.8.0",
        "@sentry/utils": "6.8.0",
        "tslib": "^1.9.3"
      }
    },
    "@sentry/core": {
      "version": "6.8.0",
      "resolved": "https://registry.npmjs.org/@sentry/core/-/core-6.8.0.tgz",
      "integrity": "sha512-vJzWt/znEB+JqVwtwfjkRrAYRN+ep+l070Ti8GhJnvwU4IDtVlV3T/jVNrj6rl6UChcczaJQMxVxtG5x0crlAA==",
      "requires": {
        "@sentry/hub": "6.8.0",
        "@sentry/minimal": "6.8.0",
        "@sentry/types": "6.8.0",
        "@sentry/utils": "6.8.0",
        "tslib": "^1.9.3"
      }
    },
    "@sentry/hub": {
      "version": "6.8.0",
      "resolved": "https://registry.npmjs.org/@sentry/hub/-/hub-6.8.0.tgz",
      "integrity": "sha512-hFrI2Ss1fTov7CH64FJpigqRxH7YvSnGeqxT9Jc1BL7nzW/vgCK+Oh2mOZbosTcrzoDv+lE8ViOnSN3w/fo+rg==",
      "requires": {
        "@sentry/types": "6.8.0",
        "@sentry/utils": "6.8.0",
        "tslib": "^1.9.3"
      }
    },
    "@sentry/minimal": {
      "version": "6.8.0",
      "resolved": "https://registry.npmjs.org/@sentry/minimal/-/minimal-6.8.0.tgz",
      "integrity": "sha512-MRxUKXiiYwKjp8mOQMpTpEuIby1Jh3zRTU0cmGZtfsZ38BC1JOle8xlwC4FdtOH+VvjSYnPBMya5lgNHNPUJDQ==",
      "requires": {
        "@sentry/hub": "6.8.0",
        "@sentry/types": "6.8.0",
        "tslib": "^1.9.3"
      }
    },
    "@sentry/react": {
      "version": "6.8.0",
      "resolved": "https://registry.npmjs.org/@sentry/react/-/react-6.8.0.tgz",
      "integrity": "sha512-yXNnDaVw8kIacbwQjA27w8DA74WxmDVw4RlUTJGtq35SDmWsaGN1mwvU+mE1u3zEg927QTCBYig2Zqk8Tdt/fQ==",
      "requires": {
        "@sentry/browser": "6.8.0",
        "@sentry/minimal": "6.8.0",
        "@sentry/types": "6.8.0",
        "@sentry/utils": "6.8.0",
        "hoist-non-react-statics": "^3.3.2",
        "tslib": "^1.9.3"
      }
    },
    "@sentry/tracing": {
      "version": "6.8.0",
      "resolved": "https://registry.npmjs.org/@sentry/tracing/-/tracing-6.8.0.tgz",
      "integrity": "sha512-3gDkQnmOuOjHz5rY7BOatLEUksANU3efR8wuBa2ujsPQvoLSLFuyZpRjPPsxuUHQOqAYIbSNAoDloXECvQeHjw==",
      "requires": {
        "@sentry/hub": "6.8.0",
        "@sentry/minimal": "6.8.0",
        "@sentry/types": "6.8.0",
        "@sentry/utils": "6.8.0",
        "tslib": "^1.9.3"
      }
    },
    "@sentry/types": {
      "version": "6.8.0",
      "resolved": "https://registry.npmjs.org/@sentry/types/-/types-6.8.0.tgz",
      "integrity": "sha512-PbSxqlh6Fd5thNU5f8EVYBVvX+G7XdPA+ThNb2QvSK8yv3rIf0McHTyF6sIebgJ38OYN7ZFK7vvhC/RgSAfYTA=="
    },
    "@sentry/utils": {
      "version": "6.8.0",
      "resolved": "https://registry.npmjs.org/@sentry/utils/-/utils-6.8.0.tgz",
      "integrity": "sha512-OYlI2JNrcWKMdvYbWNdQwR4QBVv2V0y5wK0U6f53nArv6RsyO5TzwRu5rMVSIZofUUqjoE5hl27jqnR+vpUrsA==",
      "requires": {
        "@sentry/types": "6.8.0",
        "tslib": "^1.9.3"
      }
    },
    "hoist-non-react-statics": {
      "version": "3.3.2",
      "resolved": "https://registry.npmjs.org/hoist-non-react-statics/-/hoist-non-react-statics-3.3.2.tgz",
      "integrity": "sha512-/gGivxi8JPKWNm/W0jSmzcMPpfpPLc3dY/6GxhX2hQ9iGj3aDfklV4ET7NjKpSinLpJ5vafa9iiGIEZg10SfBw==",
      "requires": {
        "react-is": "^16.7.0"
      }
    },
    "react-is": {
      "version": "16.13.1",
      "resolved": "https://registry.npmjs.org/react-is/-/react-is-16.13.1.tgz",
      "integrity": "sha512-24e6ynE2H+OKt4kqsOvNd8kBpV65zoxbA4BVsEOB3ARVWQki/DHzaUoC5KuON/BiccDaCCTZBuOcfZs70kR8bQ=="
    },
    "tslib": {
      "version": "1.14.1",
      "resolved": "https://registry.npmjs.org/tslib/-/tslib-1.14.1.tgz",
      "integrity": "sha512-Xni35NKzjgMrwevysHTCArtLDpPvye8zV/0E4EyYn43P7/7qvQwPh9BGkHewbMulVntbigmcT7rdX3BNo9wRJg=="
    }
  }
}
